// !$*UTF8*$!
{
	archiveVersion = 1;
	classes = {
	};
	objectVersion = 56;
	objects = {

/* Begin PBXBuildFile section */
		A10000001 /* AppDelegate.swift in Sources */ = {isa = PBXBuildFile; fileRef = A10000000 /* AppDelegate.swift */; };
		A10000003 /* SceneDelegate.swift in Sources */ = {isa = PBXBuildFile; fileRef = A10000002 /* SceneDelegate.swift */; };
		A10000008 /* Assets.xcassets in Resources */ = {isa = PBXBuildFile; fileRef = A10000007 /* Assets.xcassets */; };
		A1000000B /* LaunchScreen.storyboard in Resources */ = {isa = PBXBuildFile; fileRef = A10000009 /* LaunchScreen.storyboard */; };
		A10000020 /* Movie.swift in Sources */ = {isa = PBXBuildFile; fileRef = A1000001F /* Movie.swift */; };
		A10000022 /* ConfigRepositoryProtocol.swift in Sources */ = {isa = PBXBuildFile; fileRef = A10000021 /* ConfigRepositoryProtocol.swift */; };
		A10000024 /* MovieRepositoryProtocol.swift in Sources */ = {isa = PBXBuildFile; fileRef = A10000023 /* MovieRepositoryProtocol.swift */; };
		A10000026 /* GetCategoriesUseCase.swift in Sources */ = {isa = PBXBuildFile; fileRef = A10000025 /* GetCategoriesUseCase.swift */; };
		A10000028 /* GetMovieDetailsUseCase.swift in Sources */ = {isa = PBXBuildFile; fileRef = A10000027 /* GetMovieDetailsUseCase.swift */; };
		A1000002A /* LoadConfigurationUseCase.swift in Sources */ = {isa = PBXBuildFile; fileRef = A10000029 /* LoadConfigurationUseCase.swift */; };
		A1000002C /* MovieDTO.swift in Sources */ = {isa = PBXBuildFile; fileRef = A1000002B /* MovieDTO.swift */; };
		A1000002E /* MovieDataStoreProtocol.swift in Sources */ = {isa = PBXBuildFile; fileRef = A1000002D /* MovieDataStoreProtocol.swift */; };
		A10000030 /* ViewProtocol.swift in Sources */ = {isa = PBXBuildFile; fileRef = A1000002F /* ViewProtocol.swift */; };
		A10000032 /* UIViewController+Loading.swift in Sources */ = {isa = PBXBuildFile; fileRef = A10000031 /* UIViewController+Loading.swift */; };
		A10000034 /* String+HTML.swift in Sources */ = {isa = PBXBuildFile; fileRef = A10000033 /* String+HTML.swift */; };
		A10000036 /* NetworkService.swift in Sources */ = {isa = PBXBuildFile; fileRef = A10000035 /* NetworkService.swift */; };
		A10000038 /* RemoteMovieDataStore.swift in Sources */ = {isa = PBXBuildFile; fileRef = A10000037 /* RemoteMovieDataStore.swift */; };
		A1000003A /* MockMovieDataStore.swift in Sources */ = {isa = PBXBuildFile; fileRef = A10000039 /* MockMovieDataStore.swift */; };
		A1000003C /* FirebaseConfigDataStore.swift in Sources */ = {isa = PBXBuildFile; fileRef = A1000003B /* FirebaseConfigDataStore.swift */; };
		A1000003E /* MovieRepository.swift in Sources */ = {isa = PBXBuildFile; fileRef = A1000003D /* MovieRepository.swift */; };
		A10000040 /* ConfigRepository.swift in Sources */ = {isa = PBXBuildFile; fileRef = A1000003F /* ConfigRepository.swift */; };
		A10000042 /* SplashContract.swift in Sources */ = {isa = PBXBuildFile; fileRef = A10000041 /* SplashContract.swift */; };
		A10000044 /* SplashPresenter.swift in Sources */ = {isa = PBXBuildFile; fileRef = A10000043 /* SplashPresenter.swift */; };
		A10000046 /* SplashViewController.swift in Sources */ = {isa = PBXBuildFile; fileRef = A10000045 /* SplashViewController.swift */; };
		A10000048 /* SplashViewController.xib in Resources */ = {isa = PBXBuildFile; fileRef = A10000047 /* SplashViewController.xib */; };
		A1000004A /* CategoriesContract.swift in Sources */ = {isa = PBXBuildFile; fileRef = A10000049 /* CategoriesContract.swift */; };
		A1000004C /* CategoriesPresenter.swift in Sources */ = {isa = PBXBuildFile; fileRef = A1000004B /* CategoriesPresenter.swift */; };
		A1000004E /* CategoriesViewController.swift in Sources */ = {isa = PBXBuildFile; fileRef = A1000004D /* CategoriesViewController.swift */; };
		A10000050 /* CategoriesViewController.xib in Resources */ = {isa = PBXBuildFile; fileRef = A1000004F /* CategoriesViewController.xib */; };
		A10000052 /* CategoryCollectionViewCell.swift in Sources */ = {isa = PBXBuildFile; fileRef = A10000051 /* CategoryCollectionViewCell.swift */; };
		A10000054 /* CategoryCollectionViewCell.xib in Resources */ = {isa = PBXBuildFile; fileRef = A10000053 /* CategoryCollectionViewCell.xib */; };
		A10000056 /* MovieTableViewCell.swift in Sources */ = {isa = PBXBuildFile; fileRef = A10000055 /* MovieTableViewCell.swift */; };
		A10000058 /* MovieTableViewCell.xib in Resources */ = {isa = PBXBuildFile; fileRef = A10000057 /* MovieTableViewCell.xib */; };
		A1000005A /* MovieDetailContract.swift in Sources */ = {isa = PBXBuildFile; fileRef = A10000059 /* MovieDetailContract.swift */; };
		A1000005C /* MovieDetailPresenter.swift in Sources */ = {isa = PBXBuildFile; fileRef = A1000005B /* MovieDetailPresenter.swift */; };
		A1000005E /* MovieDetailViewController.swift in Sources */ = {isa = PBXBuildFile; fileRef = A1000005D /* MovieDetailViewController.swift */; };
		A10000060 /* MovieDetailViewController.xib in Resources */ = {isa = PBXBuildFile; fileRef = A1000005F /* MovieDetailViewController.xib */; };
		A10000062 /* RecommendationModalViewController.swift in Sources */ = {isa = PBXBuildFile; fileRef = A10000061 /* RecommendationModalViewController.swift */; };
		A10000064 /* RecommendationModalViewController.xib in Resources */ = {isa = PBXBuildFile; fileRef = A10000063 /* RecommendationModalViewController.xib */; };
/* End PBXBuildFile section */

/* Begin PBXFileReference section */
		A00000FFD /* IMDUMB.app */ = {isa = PBXFileReference; explicitFileType = wrapper.application; includeInIndex = 0; path = IMDUMB.app; sourceTree = BUILT_PRODUCTS_DIR; };
		A10000000 /* AppDelegate.swift */ = {isa = PBXFileReference; lastKnownFileType = sourcecode.swift; path = AppDelegate.swift; sourceTree = "<group>"; };
		A10000002 /* SceneDelegate.swift */ = {isa = PBXFileReference; lastKnownFileType = sourcecode.swift; path = SceneDelegate.swift; sourceTree = "<group>"; };
		A10000007 /* Assets.xcassets */ = {isa = PBXFileReference; lastKnownFileType = folder.assetcatalog; path = Assets.xcassets; sourceTree = "<group>"; };
		A1000000A /* Base */ = {isa = PBXFileReference; lastKnownFileType = file.storyboard; name = Base; path = Base.lproj/LaunchScreen.storyboard; sourceTree = "<group>"; };
		A1000000C /* Info.plist */ = {isa = PBXFileReference; lastKnownFileType = text.plist.xml; path = Info.plist; sourceTree = "<group>"; };
		A1000001F /* Movie.swift */ = {isa = PBXFileReference; lastKnownFileType = sourcecode.swift; path = Movie.swift; sourceTree = "<group>"; };
		A10000021 /* ConfigRepositoryProtocol.swift */ = {isa = PBXFileReference; lastKnownFileType = sourcecode.swift; path = ConfigRepositoryProtocol.swift; sourceTree = "<group>"; };
		A10000023 /* MovieRepositoryProtocol.swift */ = {isa = PBXFileReference; lastKnownFileType = sourcecode.swift; path = MovieRepositoryProtocol.swift; sourceTree = "<group>"; };
		A10000025 /* GetCategoriesUseCase.swift */ = {isa = PBXFileReference; lastKnownFileType = sourcecode.swift; path = GetCategoriesUseCase.swift; sourceTree = "<group>"; };
		A10000027 /* GetMovieDetailsUseCase.swift */ = {isa = PBXFileReference; lastKnownFileType = sourcecode.swift; path = GetMovieDetailsUseCase.swift; sourceTree = "<group>"; };
		A10000029 /* LoadConfigurationUseCase.swift */ = {isa = PBXFileReference; lastKnownFileType = sourcecode.swift; path = LoadConfigurationUseCase.swift; sourceTree = "<group>"; };
		A1000002B /* MovieDTO.swift */ = {isa = PBXFileReference; lastKnownFileType = sourcecode.swift; path = MovieDTO.swift; sourceTree = "<group>"; };
		A1000002D /* MovieDataStoreProtocol.swift */ = {isa = PBXFileReference; lastKnownFileType = sourcecode.swift; path = MovieDataStoreProtocol.swift; sourceTree = "<group>"; };
		A1000002F /* ViewProtocol.swift */ = {isa = PBXFileReference; lastKnownFileType = sourcecode.swift; path = ViewProtocol.swift; sourceTree = "<group>"; };
		A10000031 /* UIViewController+Loading.swift */ = {isa = PBXFileReference; lastKnownFileType = sourcecode.swift; path = "UIViewController+Loading.swift"; sourceTree = "<group>"; };
		A10000033 /* String+HTML.swift */ = {isa = PBXFileReference; lastKnownFileType = sourcecode.swift; path = "String+HTML.swift"; sourceTree = "<group>"; };
		A10000035 /* NetworkService.swift */ = {isa = PBXFileReference; lastKnownFileType = sourcecode.swift; path = NetworkService.swift; sourceTree = "<group>"; };
		A10000037 /* RemoteMovieDataStore.swift */ = {isa = PBXFileReference; lastKnownFileType = sourcecode.swift; path = RemoteMovieDataStore.swift; sourceTree = "<group>"; };
		A10000039 /* MockMovieDataStore.swift */ = {isa = PBXFileReference; lastKnownFileType = sourcecode.swift; path = MockMovieDataStore.swift; sourceTree = "<group>"; };
		A1000003B /* FirebaseConfigDataStore.swift */ = {isa = PBXFileReference; lastKnownFileType = sourcecode.swift; path = FirebaseConfigDataStore.swift; sourceTree = "<group>"; };
		A1000003D /* MovieRepository.swift */ = {isa = PBXFileReference; lastKnownFileType = sourcecode.swift; path = MovieRepository.swift; sourceTree = "<group>"; };
		A1000003F /* ConfigRepository.swift */ = {isa = PBXFileReference; lastKnownFileType = sourcecode.swift; path = ConfigRepository.swift; sourceTree = "<group>"; };
		A10000041 /* SplashContract.swift */ = {isa = PBXFileReference; lastKnownFileType = sourcecode.swift; path = SplashContract.swift; sourceTree = "<group>"; };
		A10000043 /* SplashPresenter.swift */ = {isa = PBXFileReference; lastKnownFileType = sourcecode.swift; path = SplashPresenter.swift; sourceTree = "<group>"; };
		A10000045 /* SplashViewController.swift */ = {isa = PBXFileReference; lastKnownFileType = sourcecode.swift; path = SplashViewController.swift; sourceTree = "<group>"; };
		A10000047 /* SplashViewController.xib */ = {isa = PBXFileReference; lastKnownFileType = file.xib; path = SplashViewController.xib; sourceTree = "<group>"; };
		A10000049 /* CategoriesContract.swift */ = {isa = PBXFileReference; lastKnownFileType = sourcecode.swift; path = CategoriesContract.swift; sourceTree = "<group>"; };
		A1000004B /* CategoriesPresenter.swift */ = {isa = PBXFileReference; lastKnownFileType = sourcecode.swift; path = CategoriesPresenter.swift; sourceTree = "<group>"; };
		A1000004D /* CategoriesViewController.swift */ = {isa = PBXFileReference; lastKnownFileType = sourcecode.swift; path = CategoriesViewController.swift; sourceTree = "<group>"; };
		A1000004F /* CategoriesViewController.xib */ = {isa = PBXFileReference; lastKnownFileType = file.xib; path = CategoriesViewController.xib; sourceTree = "<group>"; };
		A10000051 /* CategoryCollectionViewCell.swift */ = {isa = PBXFileReference; lastKnownFileType = sourcecode.swift; path = CategoryCollectionViewCell.swift; sourceTree = "<group>"; };
		A10000053 /* CategoryCollectionViewCell.xib */ = {isa = PBXFileReference; lastKnownFileType = file.xib; path = CategoryCollectionViewCell.xib; sourceTree = "<group>"; };
		A10000055 /* MovieTableViewCell.swift */ = {isa = PBXFileReference; lastKnownFileType = sourcecode.swift; path = MovieTableViewCell.swift; sourceTree = "<group>"; };
		A10000057 /* MovieTableViewCell.xib */ = {isa = PBXFileReference; lastKnownFileType = file.xib; path = MovieTableViewCell.xib; sourceTree = "<group>"; };
		A10000059 /* MovieDetailContract.swift */ = {isa = PBXFileReference; lastKnownFileType = sourcecode.swift; path = MovieDetailContract.swift; sourceTree = "<group>"; };
		A1000005B /* MovieDetailPresenter.swift */ = {isa = PBXFileReference; lastKnownFileType = sourcecode.swift; path = MovieDetailPresenter.swift; sourceTree = "<group>"; };
		A1000005D /* MovieDetailViewController.swift */ = {isa = PBXFileReference; lastKnownFileType = sourcecode.swift; path = MovieDetailViewController.swift; sourceTree = "<group>"; };
		A1000005F /* MovieDetailViewController.xib */ = {isa = PBXFileReference; lastKnownFileType = file.xib; path = MovieDetailViewController.xib; sourceTree = "<group>"; };
		A10000061 /* RecommendationModalViewController.swift */ = {isa = PBXFileReference; lastKnownFileType = sourcecode.swift; path = RecommendationModalViewController.swift; sourceTree = "<group>"; };
		A10000063 /* RecommendationModalViewController.xib */ = {isa = PBXFileReference; lastKnownFileType = file.xib; path = RecommendationModalViewController.xib; sourceTree = "<group>"; };
/* End PBXFileReference section */

/* Begin PBXFrameworksBuildPhase section */
		A00000FFA /* Frameworks */ = {
			isa = PBXFrameworksBuildPhase;
			buildActionMask = 2147483647;
			files = (
			);
			runOnlyForDeploymentPostprocessing = 0;
		};
/* End PBXFrameworksBuildPhase section */

/* Begin PBXGroup section */
		A00000FF4 = {
			isa = PBXGroup;
			children = (
				A00000FFF /* IMDUMB */,
				A00000FFE /* Products */,
			);
			sourceTree = "<group>";
		};
		A00000FFE /* Products */ = {
			isa = PBXGroup;
			children = (
				A00000FFD /* IMDUMB.app */,
			);
			name = Products;
			sourceTree = "<group>";
		};
		A00000FFF /* IMDUMB */ = {
			isa = PBXGroup;
			children = (
				A10000000 /* AppDelegate.swift */,
				A10000002 /* SceneDelegate.swift */,
				A10000012 /* Presentation */,
				A10000013 /* Domain */,
				A10000014 /* Data */,
				A10000015 /* Core */,
				A10000016 /* Resources */,
				A1000000C /* Info.plist */,
			);
			path = IMDUMB;
			sourceTree = "<group>";
		};
		A10000012 /* Presentation */ = {
			isa = PBXGroup;
			children = (
				A10000065 /* Splash */,
				A10000066 /* Categories */,
				A10000067 /* MovieDetail */,
				A10000068 /* Recommendation */,
			);
			path = Presentation;
			sourceTree = "<group>";
		};
		A10000065 /* Splash */ = {
			isa = PBXGroup;
			children = (
				A10000041 /* SplashContract.swift */,
				A10000043 /* SplashPresenter.swift */,
				A10000045 /* SplashViewController.swift */,
				A10000047 /* SplashViewController.xib */,
			);
			path = Splash;
			sourceTree = "<group>";
		};
		A10000066 /* Categories */ = {
			isa = PBXGroup;
			children = (
				A10000049 /* CategoriesContract.swift */,
				A1000004B /* CategoriesPresenter.swift */,
				A1000004D /* CategoriesViewController.swift */,
				A1000004F /* CategoriesViewController.xib */,
				A10000051 /* CategoryCollectionViewCell.swift */,
				A10000053 /* CategoryCollectionViewCell.xib */,
				A10000055 /* MovieTableViewCell.swift */,
				A10000057 /* MovieTableViewCell.xib */,
			);
			path = Categories;
			sourceTree = "<group>";
		};
		A10000067 /* MovieDetail */ = {
			isa = PBXGroup;
			children = (
				A10000059 /* MovieDetailContract.swift */,
				A1000005B /* MovieDetailPresenter.swift */,
				A1000005D /* MovieDetailViewController.swift */,
				A1000005F /* MovieDetailViewController.xib */,
			);
			path = MovieDetail;
			sourceTree = "<group>";
		};
		A10000068 /* Recommendation */ = {
			isa = PBXGroup;
			children = (
				A10000061 /* RecommendationModalViewController.swift */,
				A10000063 /* RecommendationModalViewController.xib */,
			);
			path = Recommendation;
			sourceTree = "<group>";
		};
		A10000013 /* Domain */ = {
			isa = PBXGroup;
			children = (
				A10000017 /* Entities */,
				A10000018 /* Repositories */,
				A10000019 /* UseCases */,
			);
			path = Domain;
			sourceTree = "<group>";
		};
		A10000017 /* Entities */ = {
			isa = PBXGroup;
			children = (
				A1000001F /* Movie.swift */,
			);
			path = Entities;
			sourceTree = "<group>";
		};
		A10000018 /* Repositories */ = {
			isa = PBXGroup;
			children = (
				A10000021 /* ConfigRepositoryProtocol.swift */,
				A10000023 /* MovieRepositoryProtocol.swift */,
			);
			path = Repositories;
			sourceTree = "<group>";
		};
		A10000019 /* UseCases */ = {
			isa = PBXGroup;
			children = (
				A10000025 /* GetCategoriesUseCase.swift */,
				A10000027 /* GetMovieDetailsUseCase.swift */,
				A10000029 /* LoadConfigurationUseCase.swift */,
			);
			path = UseCases;
			sourceTree = "<group>";
		};
		A10000014 /* Data */ = {
			isa = PBXGroup;
			children = (
				A1000001A /* DTOs */,
				A1000001B /* DataStores */,
				A10000069 /* Repositories */,
			);
			path = Data;
			sourceTree = "<group>";
		};
		A10000069 /* Repositories */ = {
			isa = PBXGroup;
			children = (
				A1000003D /* MovieRepository.swift */,
				A1000003F /* ConfigRepository.swift */,
			);
			path = Repositories;
			sourceTree = "<group>";
		};
		A1000001A /* DTOs */ = {
			isa = PBXGroup;
			children = (
				A1000002B /* MovieDTO.swift */,
			);
			path = DTOs;
			sourceTree = "<group>";
		};
		A1000001B /* DataStores */ = {
			isa = PBXGroup;
			children = (
				A1000002D /* MovieDataStoreProtocol.swift */,
				A10000037 /* RemoteMovieDataStore.swift */,
				A10000039 /* MockMovieDataStore.swift */,
				A1000003B /* FirebaseConfigDataStore.swift */,
			);
			path = DataStores;
			sourceTree = "<group>";
		};
		A10000015 /* Core */ = {
			isa = PBXGroup;
			children = (
				A1000001C /* Protocols */,
				A1000001D /* Extensions */,
				A1000006A /* Network */,
			);
			path = Core;
			sourceTree = "<group>";
		};
		A1000006A /* Network */ = {
			isa = PBXGroup;
			children = (
				A10000035 /* NetworkService.swift */,
			);
			path = Network;
			sourceTree = "<group>";
		};
		A1000001C /* Protocols */ = {
			isa = PBXGroup;
			children = (
				A1000002F /* ViewProtocol.swift */,
			);
			path = Protocols;
			sourceTree = "<group>";
		};
		A1000001D /* Extensions */ = {
			isa = PBXGroup;
			children = (
				A10000031 /* UIViewController+Loading.swift */,
				A10000033 /* String+HTML.swift */,
			);
			path = Extensions;
			sourceTree = "<group>";
		};
		A10000016 /* Resources */ = {
			isa = PBXGroup;
			children = (
				A10000007 /* Assets.xcassets */,
				A10000009 /* LaunchScreen.storyboard */,
			);
			path = Resources;
			sourceTree = "<group>";
		};
/* End PBXGroup section */

/* Begin PBXNativeTarget section */
		A00000FFC /* IMDUMB */ = {
			isa = PBXNativeTarget;
			buildConfigurationList = A1000000F /* Build configuration list for PBXNativeTarget "IMDUMB" */;
			buildPhases = (
				A00000FF9 /* Sources */,
				A00000FFA /* Frameworks */,
				A00000FFB /* Resources */,
			);
			buildRules = (
			);
			dependencies = (
			);
			name = IMDUMB;
			packageProductDependencies = (
			);
			productName = IMDUMB;
			productReference = A00000FFD /* IMDUMB.app */;
			productType = "com.apple.product-type.application";
		};
/* End PBXNativeTarget section */

/* Begin PBXProject section */
		A00000FF5 /* Project object */ = {
			isa = PBXProject;
			attributes = {
				BuildIndependentTargetsInParallel = 1;
				LastSwiftUpdateCheck = 1600;
				LastUpgradeCheck = 1600;
				TargetAttributes = {
					A00000FFC = {
						CreatedOnToolsVersion = 16.0;
					};
				};
			};
			buildConfigurationList = A00000FF8 /* Build configuration list for PBXProject "IMDUMB" */;
			compatibilityVersion = "Xcode 14.0";
			developmentRegion = en;
			hasScannedForEncodings = 0;
			knownRegions = (
				en,
				Base,
			);
			mainGroup = A00000FF4;
			packageReferences = (
			);
			productRefGroup = A00000FFE /* Products */;
			projectDirPath = "";
			projectRoot = "";
			targets = (
				A00000FFC /* IMDUMB */,
			);
		};
/* End PBXProject section */

/* Begin PBXResourcesBuildPhase section */
		A00000FFB /* Resources */ = {
			isa = PBXResourcesBuildPhase;
			buildActionMask = 2147483647;
			files = (
				A10000008 /* Assets.xcassets in Resources */,
				A1000000B /* LaunchScreen.storyboard in Resources */,
				A10000048 /* SplashViewController.xib in Resources */,
				A10000050 /* CategoriesViewController.xib in Resources */,
				A10000054 /* CategoryCollectionViewCell.xib in Resources */,
				A10000058 /* MovieTableViewCell.xib in Resources */,
				A10000060 /* MovieDetailViewController.xib in Resources */,
				A10000064 /* RecommendationModalViewController.xib in Resources */,
			);
			runOnlyForDeploymentPostprocessing = 0;
		};
/* End PBXResourcesBuildPhase section */

/* Begin PBXSourcesBuildPhase section */
		A00000FF9 /* Sources */ = {
			isa = PBXSourcesBuildPhase;
			buildActionMask = 2147483647;
			files = (
				A10000001 /* AppDelegate.swift in Sources */,
				A10000003 /* SceneDelegate.swift in Sources */,
				A10000020 /* Movie.swift in Sources */,
				A10000022 /* ConfigRepositoryProtocol.swift in Sources */,
				A10000024 /* MovieRepositoryProtocol.swift in Sources */,
				A10000026 /* GetCategoriesUseCase.swift in Sources */,
				A10000028 /* GetMovieDetailsUseCase.swift in Sources */,
				A1000002A /* LoadConfigurationUseCase.swift in Sources */,
				A1000002C /* MovieDTO.swift in Sources */,
				A1000002E /* MovieDataStoreProtocol.swift in Sources */,
				A10000030 /* ViewProtocol.swift in Sources */,
				A10000032 /* UIViewController+Loading.swift in Sources */,
				A10000034 /* String+HTML.swift in Sources */,
				A10000036 /* NetworkService.swift in Sources */,
				A10000038 /* RemoteMovieDataStore.swift in Sources */,
				A1000003A /* MockMovieDataStore.swift in Sources */,
				A1000003C /* FirebaseConfigDataStore.swift in Sources */,
				A1000003E /* MovieRepository.swift in Sources */,
				A10000040 /* ConfigRepository.swift in Sources */,
				A10000042 /* SplashContract.swift in Sources */,
				A10000044 /* SplashPresenter.swift in Sources */,
				A10000046 /* SplashViewController.swift in Sources */,
				A1000004A /* CategoriesContract.swift in Sources */,
				A1000004C /* CategoriesPresenter.swift in Sources */,
				A1000004E /* CategoriesViewController.swift in Sources */,
				A10000052 /* CategoryCollectionViewCell.swift in Sources */,
				A10000056 /* MovieTableViewCell.swift in Sources */,
				A1000005A /* MovieDetailContract.swift in Sources */,
				A1000005C /* MovieDetailPresenter.swift in Sources */,
				A1000005E /* MovieDetailViewController.swift in Sources */,
				A10000062 /* RecommendationModalViewController.swift in Sources */,
			);
			runOnlyForDeploymentPostprocessing = 0;
		};
/* End PBXSourcesBuildPhase section */

/* Begin PBXVariantGroup section */
		A10000009 /* LaunchScreen.storyboard */ = {
			isa = PBXVariantGroup;
			children = (
				A1000000A /* Base */,
			);
			name = LaunchScreen.storyboard;
			sourceTree = "<group>";
		};
/* End PBXVariantGroup section */

/* Begin XCBuildConfiguration section */
		A1000000D /* Debug */ = {
			isa = XCBuildConfiguration;
			buildSettings = {
				ALWAYS_SEARCH_USER_PATHS = NO;
				ASSETCATALOG_COMPILER_GENERATE_SWIFT_ASSET_SYMBOL_EXTENSIONS = YES;
				CLANG_ANALYZER_NONNULL = YES;
				CLANG_ANALYZER_NUMBER_OBJECT_CONVERSION = YES_AGGRESSIVE;
				CLANG_CXX_LANGUAGE_STANDARD = "gnu++20";
				CLANG_ENABLE_MODULES = YES;
				CLANG_ENABLE_OBJC_ARC = YES;
				CLANG_ENABLE_OBJC_WEAK = YES;
				CLANG_WARN_BLOCK_CAPTURE_AUTORELEASING = YES;
				CLANG_WARN_BOOL_CONVERSION = YES;
				CLANG_WARN_COMMA = YES;
				CLANG_WARN_CONSTANT_CONVERSION = YES;
				CLANG_WARN_DEPRECATED_OBJC_IMPLEMENTATIONS = YES;
				CLANG_WARN_DIRECT_OBJC_ISA_USAGE = YES_ERROR;
				CLANG_WARN_DOCUMENTATION_COMMENTS = YES;
				CLANG_WARN_EMPTY_BODY = YES;
				CLANG_WARN_ENUM_CONVERSION = YES;
				CLANG_WARN_INFINITE_RECURSION = YES;
				CLANG_WARN_INT_CONVERSION = YES;
				CLANG_WARN_NON_LITERAL_NULL_CONVERSION = YES;
				CLANG_WARN_OBJC_IMPLICIT_RETAIN_SELF = YES;
				CLANG_WARN_OBJC_LITERAL_CONVERSION = YES;
				CLANG_WARN_OBJC_ROOT_CLASS = YES_ERROR;
				CLANG_WARN_QUOTED_INCLUDE_IN_FRAMEWORK_HEADER = YES;
				CLANG_WARN_RANGE_LOOP_ANALYSIS = YES;
				CLANG_WARN_STRICT_PROTOTYPES = YES;
				CLANG_WARN_SUSPICIOUS_MOVE = YES;
				CLANG_WARN_UNGUARDED_AVAILABILITY = YES_AGGRESSIVE;
				CLANG_WARN_UNREACHABLE_CODE = YES;
				CLANG_WARN__DUPLICATE_METHOD_MATCH = YES;
				COPY_PHASE_STRIP = NO;
				DEBUG_INFORMATION_FORMAT = dwarf;
				ENABLE_STRICT_OBJC_MSGSEND = YES;
				ENABLE_TESTABILITY = YES;
				ENABLE_USER_SCRIPT_SANDBOXING = YES;
				GCC_C_LANGUAGE_STANDARD = gnu17;
				GCC_DYNAMIC_NO_PIC = NO;
				GCC_NO_COMMON_BLOCKS = YES;
				GCC_OPTIMIZATION_LEVEL = 0;
				GCC_PREPROCESSOR_DEFINITIONS = (
					"DEBUG=1",
					"$(inherited)",
				);
				GCC_WARN_64_TO_32_BIT_CONVERSION = YES;
				GCC_WARN_ABOUT_RETURN_TYPE = YES_ERROR;
				GCC_WARN_UNDECLARED_SELECTOR = YES;
				GCC_WARN_UNINITIALIZED_AUTOS = YES_AGGRESSIVE;
				GCC_WARN_UNUSED_FUNCTION = YES;
				GCC_WARN_UNUSED_VARIABLE = YES;
				IPHONEOS_DEPLOYMENT_TARGET = 15.0;
				LOCALIZATION_PREFERS_STRING_CATALOGS = YES;
				MTL_ENABLE_DEBUG_INFO = INCLUDE_SOURCE;
				MTL_FAST_MATH = YES;
				ONLY_ACTIVE_ARCH = YES;
				SDKROOT = iphoneos;
				SWIFT_ACTIVE_COMPILATION_CONDITIONS = "DEBUG $(inherited)";
				SWIFT_OPTIMIZATION_LEVEL = "-Onone";
			};
			name = Debug;
		};
		A1000000E /* Release */ = {
			isa = XCBuildConfiguration;
			buildSettings = {
				ALWAYS_SEARCH_USER_PATHS = NO;
				ASSETCATALOG_COMPILER_GENERATE_SWIFT_ASSET_SYMBOL_EXTENSIONS = YES;
				CLANG_ANALYZER_NONNULL = YES;
				CLANG_ANALYZER_NUMBER_OBJECT_CONVERSION = YES_AGGRESSIVE;
				CLANG_CXX_LANGUAGE_STANDARD = "gnu++20";
				CLANG_ENABLE_MODULES = YES;
				CLANG_ENABLE_OBJC_ARC = YES;
				CLANG_ENABLE_OBJC_WEAK = YES;
				CLANG_WARN_BLOCK_CAPTURE_AUTORELEASING = YES;
				CLANG_WARN_BOOL_CONVERSION = YES;
				CLANG_WARN_COMMA = YES;
				CLANG_WARN_CONSTANT_CONVERSION = YES;
				CLANG_WARN_DEPRECATED_OBJC_IMPLEMENTATIONS = YES;
				CLANG_WARN_DIRECT_OBJC_ISA_USAGE = YES_ERROR;
				CLANG_WARN_DOCUMENTATION_COMMENTS = YES;
				CLANG_WARN_EMPTY_BODY = YES;
				CLANG_WARN_ENUM_CONVERSION = YES;
				CLANG_WARN_INFINITE_RECURSION = YES;
				CLANG_WARN_INT_CONVERSION = YES;
				CLANG_WARN_NON_LITERAL_NULL_CONVERSION = YES;
				CLANG_WARN_OBJC_IMPLICIT_RETAIN_SELF = YES;
				CLANG_WARN_OBJC_LITERAL_CONVERSION = YES;
				CLANG_WARN_OBJC_ROOT_CLASS = YES_ERROR;
				CLANG_WARN_QUOTED_INCLUDE_IN_FRAMEWORK_HEADER = YES;
				CLANG_WARN_RANGE_LOOP_ANALYSIS = YES;
				CLANG_WARN_STRICT_PROTOTYPES = YES;
				CLANG_WARN_SUSPICIOUS_MOVE = YES;
				CLANG_WARN_UNGUARDED_AVAILABILITY = YES_AGGRESSIVE;
				CLANG_WARN_UNREACHABLE_CODE = YES;
				CLANG_WARN__DUPLICATE_METHOD_MATCH = YES;
				COPY_PHASE_STRIP = NO;
				DEBUG_INFORMATION_FORMAT = "dwarf-with-dsym";
				ENABLE_NS_ASSERTIONS = NO;
				ENABLE_STRICT_OBJC_MSGSEND = YES;
				ENABLE_USER_SCRIPT_SANDBOXING = YES;
				GCC_C_LANGUAGE_STANDARD = gnu17;
				GCC_NO_COMMON_BLOCKS = YES;
				GCC_WARN_64_TO_32_BIT_CONVERSION = YES;
				GCC_WARN_ABOUT_RETURN_TYPE = YES_ERROR;
				GCC_WARN_UNDECLARED_SELECTOR = YES;
				GCC_WARN_UNINITIALIZED_AUTOS = YES_AGGRESSIVE;
				GCC_WARN_UNUSED_FUNCTION = YES;
				GCC_WARN_UNUSED_VARIABLE = YES;
				IPHONEOS_DEPLOYMENT_TARGET = 15.0;
				LOCALIZATION_PREFERS_STRING_CATALOGS = YES;
				MTL_ENABLE_DEBUG_INFO = NO;
				MTL_FAST_MATH = YES;
				SDKROOT = iphoneos;
				SWIFT_COMPILATION_MODE = wholemodule;
				VALIDATE_PRODUCT = YES;
			};
			name = Release;
		};
		A10000010 /* Debug */ = {
			isa = XCBuildConfiguration;
			buildSettings = {
				ASSETCATALOG_COMPILER_APPICON_NAME = AppIcon;
				ASSETCATALOG_COMPILER_GLOBAL_ACCENT_COLOR_NAME = AccentColor;
				CODE_SIGN_STYLE = Automatic;
				CURRENT_PROJECT_VERSION = 1;
				DEVELOPMENT_TEAM = "";
				GENERATE_INFOPLIST_FILE = YES;
				INFOPLIST_FILE = IMDUMB/Info.plist;
				INFOPLIST_KEY_UIApplicationSupportsIndirectInputEvents = YES;
				INFOPLIST_KEY_UILaunchStoryboardName = LaunchScreen;
				INFOPLIST_KEY_UISupportedInterfaceOrientations = UIInterfaceOrientationPortrait;
				INFOPLIST_KEY_UISupportedInterfaceOrientations_iPad = "UIInterfaceOrientationLandscapeLeft UIInterfaceOrientationLandscapeRight UIInterfaceOrientationPortrait UIInterfaceOrientationPortraitUpsideDown";
				IPHONEOS_DEPLOYMENT_TARGET = 15.0;
				LD_RUNPATH_SEARCH_PATHS = (
					"$(inherited)",
					"@executable_path/Frameworks",
				);
				MARKETING_VERSION = 1.0;
				PRODUCT_BUNDLE_IDENTIFIER = com.imdumb.app;
				PRODUCT_NAME = "$(TARGET_NAME)";
				SUPPORTED_PLATFORMS = "iphoneos iphonesimulator";
				SUPPORTS_MACCATALYST = NO;
				SUPPORTS_MAC_DESIGNED_FOR_IPHONE_IPAD = NO;
				SUPPORTS_XR_DESIGNED_FOR_IPHONE_IPAD = NO;
				SWIFT_EMIT_LOC_STRINGS = YES;
				SWIFT_VERSION = 5.0;
				TARGETED_DEVICE_FAMILY = "1,2";
			};
			name = Debug;
		};
		A10000011 /* Release */ = {
			isa = XCBuildConfiguration;
			buildSettings = {
				ASSETCATALOG_COMPILER_APPICON_NAME = AppIcon;
				ASSETCATALOG_COMPILER_GLOBAL_ACCENT_COLOR_NAME = AccentColor;
				CODE_SIGN_STYLE = Automatic;
				CURRENT_PROJECT_VERSION = 1;
				DEVELOPMENT_TEAM = "";
				GENERATE_INFOPLIST_FILE = YES;
				INFOPLIST_FILE = IMDUMB/Info.plist;
				INFOPLIST_KEY_UIApplicationSupportsIndirectInputEvents = YES;
				INFOPLIST_KEY_UILaunchStoryboardName = LaunchScreen;
				INFOPLIST_KEY_UISupportedInterfaceOrientations = UIInterfaceOrientationPortrait;
				INFOPLIST_KEY_UISupportedInterfaceOrientations_iPad = "UIInterfaceOrientationLandscapeLeft UIInterfaceOrientationLandscapeRight UIInterfaceOrientationPortrait UIInterfaceOrientationPortraitUpsideDown";
				IPHONEOS_DEPLOYMENT_TARGET = 15.0;
				LD_RUNPATH_SEARCH_PATHS = (
					"$(inherited)",
					"@executable_path/Frameworks",
				);
				MARKETING_VERSION = 1.0;
				PRODUCT_BUNDLE_IDENTIFIER = com.imdumb.app;
				PRODUCT_NAME = "$(TARGET_NAME)";
				SUPPORTED_PLATFORMS = "iphoneos iphonesimulator";
				SUPPORTS_MACCATALYST = NO;
				SUPPORTS_MAC_DESIGNED_FOR_IPHONE_IPAD = NO;
				SUPPORTS_XR_DESIGNED_FOR_IPHONE_IPAD = NO;
				SWIFT_EMIT_LOC_STRINGS = YES;
				SWIFT_VERSION = 5.0;
				TARGETED_DEVICE_FAMILY = "1,2";
			};
			name = Release;
		};
/* End XCBuildConfiguration section */

/* Begin XCConfigurationList section */
		A00000FF8 /* Build configuration list for PBXProject "IMDUMB" */ = {
			isa = XCConfigurationList;
			buildConfigurations = (
				A1000000D /* Debug */,
				A1000000E /* Release */,
			);
			defaultConfigurationIsVisible = 0;
			defaultConfigurationName = Release;
		};
		A1000000F /* Build configuration list for PBXNativeTarget "IMDUMB" */ = {
			isa = XCConfigurationList;
			buildConfigurations = (
				A10000010 /* Debug */,
				A10000011 /* Release */,
			);
			defaultConfigurationIsVisible = 0;
			defaultConfigurationName = Release;
		};
/* End XCConfigurationList section */
	};
	rootObject = A00000FF5 /* Project object */;
}
